
Microsoft Visual Studio Solution File, Format Version 12.00
# Visual Studio Version 16
VisualStudioVersion = 16.0.31313.79
MinimumVisualStudioVersion = 10.0.40219.1
Project("{FAE04EC0-301F-11D3-BF4B-00C04F79EFBC}") = "OpenProject", "OpenProject.csproj", "{5D63257A-91CF-4690-B756-CCC10600EC05}"
EndProject
Global
	GlobalSection(SolutionConfigurationPlatforms) = preSolution
		Debug|Any CPU = Debug|Any CPU
		Release|Any CPU = Release|Any CPU
	EndGlobalSection
	GlobalSection(ProjectConfigurationPlatforms) = postSolution
		{5D63257A-91CF-4690-B756-CCC10600EC05}.Debug|Any CPU.ActiveCfg = Debug|Any CPU
		{5D63257A-91CF-4690-B756-CCC10600EC05}.Debug|Any CPU.Build.0 = Debug|Any CPU
		{5D63257A-91CF-4690-B756-CCC10600EC05}.Release|Any CPU.ActiveCfg = Release|Any CPU
		{5D63257A-91CF-4690-B756-CCC10600EC05}.Release|Any CPU.Build.0 = Release|Any CPU
	EndGlobalSection
	GlobalSection(SolutionProperties) = preSolution
		HideSolutionNode = FALSE
	EndGlobalSection
	GlobalSection(ExtensibilityGlobals) = postSolution
		SolutionGuid = {B71602A7-0C53-4EED-B739-DA2C1ED915B7}
	EndGlobalSection
EndGlobal
